
Microsoft Visual Studio Solution File, Format Version 12.00
# Visual Studio Version 17
VisualStudioVersion = 17.14.36203.30
MinimumVisualStudioVersion = 10.0.40219.1
Project("{FAE04EC0-301F-11D3-BF4B-00C04F79EFBC}") = "Economy sim", "Economy sim.csproj", "{23A057D1-1ADA-484D-A1B8-B4DD018F996D}"
EndProject
Global
	GlobalSection(SolutionConfigurationPlatforms) = preSolution
		Debug|Any CPU = Debug|Any CPU
		Debug|x64 = Debug|x64
		Release|Any CPU = Release|Any CPU
		Release|x64 = Release|x64
	EndGlobalSection
	GlobalSection(ProjectConfigurationPlatforms) = postSolution
		{23A057D1-1ADA-484D-A1B8-B4DD018F996D}.Debug|Any CPU.ActiveCfg = Debug|Any CPU
		{23A057D1-1ADA-484D-A1B8-B4DD018F996D}.Debug|Any CPU.Build.0 = Debug|Any CPU
		{23A057D1-1ADA-484D-A1B8-B4DD018F996D}.Debug|x64.ActiveCfg = Debug|x64
		{23A057D1-1ADA-484D-A1B8-B4DD018F996D}.Debug|x64.Build.0 = Debug|x64
		{23A057D1-1ADA-484D-A1B8-B4DD018F996D}.Release|Any CPU.ActiveCfg = Release|Any CPU
		{23A057D1-1ADA-484D-A1B8-B4DD018F996D}.Release|Any CPU.Build.0 = Release|Any CPU
		{23A057D1-1ADA-484D-A1B8-B4DD018F996D}.Release|x64.ActiveCfg = Release|x64
		{23A057D1-1ADA-484D-A1B8-B4DD018F996D}.Release|x64.Build.0 = Release|x64
	EndGlobalSection
	GlobalSection(SolutionProperties) = preSolution
		HideSolutionNode = FALSE
	EndGlobalSection
	GlobalSection(ExtensibilityGlobals) = postSolution
		SolutionGuid = {06453DEE-BDF4-4554-AACC-FA28B32F14C8}
	EndGlobalSection
EndGlobal
