
Microsoft Visual Studio Solution File, Format Version 12.00
# Visual Studio Version 17
VisualStudioVersion = 17.8.34511.84
MinimumVisualStudioVersion = 10.0.40219.1
Project("{FAE04EC0-301F-11D3-BF4B-00C04F79EFBC}") = "economy sim", "economy sim.csproj", "{9D423ACB-4515-4F5A-A621-B03CF7751C82}"
EndProject
Global
	GlobalSection(SolutionConfigurationPlatforms) = preSolution
		Debug|Any CPU = Debug|Any CPU
		Debug|x64 = Debug|x64
		Release|Any CPU = Release|Any CPU
		Release|x64 = Release|x64
	EndGlobalSection
	GlobalSection(ProjectConfigurationPlatforms) = postSolution
		{9D423ACB-4515-4F5A-A621-B03CF7751C82}.Debug|Any CPU.ActiveCfg = Debug|Any CPU
		{9D423ACB-4515-4F5A-A621-B03CF7751C82}.Debug|Any CPU.Build.0 = Debug|Any CPU
		{9D423ACB-4515-4F5A-A621-B03CF7751C82}.Debug|x64.ActiveCfg = Debug|x64
		{9D423ACB-4515-4F5A-A621-B03CF7751C82}.Debug|x64.Build.0 = Debug|x64
		{9D423ACB-4515-4F5A-A621-B03CF7751C82}.Release|Any CPU.ActiveCfg = Release|Any CPU
		{9D423ACB-4515-4F5A-A621-B03CF7751C82}.Release|Any CPU.Build.0 = Release|Any CPU
		{9D423ACB-4515-4F5A-A621-B03CF7751C82}.Release|x64.ActiveCfg = Release|x64
		{9D423ACB-4515-4F5A-A621-B03CF7751C82}.Release|x64.Build.0 = Release|x64
	EndGlobalSection
	GlobalSection(SolutionProperties) = preSolution
		HideSolutionNode = FALSE
	EndGlobalSection
	GlobalSection(ExtensibilityGlobals) = postSolution
		SolutionGuid = {3370BCC9-3146-42E2-B2EC-7F59571C76DE}
	EndGlobalSection
EndGlobal
